
Microsoft Visual Studio Solution File, Format Version 12.00
# Visual Studio Version 16
VisualStudioVersion = 16.0.33529.622
MinimumVisualStudioVersion = 10.0.40219.1
Project("{FAE04EC0-301F-11D3-BF4B-00C04F79EFBC}") = "WebApplication6", "WebApplication6\WebApplication6.csproj", "{3CCA84C0-821B-4EE9-A78D-596494698CEC}"
EndProject
Global
	GlobalSection(SolutionConfigurationPlatforms) = preSolution
		Debug|Any CPU = Debug|Any CPU
		Release|Any CPU = Release|Any CPU
	EndGlobalSection
	GlobalSection(ProjectConfigurationPlatforms) = postSolution
		{3CCA84C0-821B-4EE9-A78D-596494698CEC}.Debug|Any CPU.ActiveCfg = Debug|Any CPU
		{3CCA84C0-821B-4EE9-A78D-596494698CEC}.Debug|Any CPU.Build.0 = Debug|Any CPU
		{3CCA84C0-821B-4EE9-A78D-596494698CEC}.Release|Any CPU.ActiveCfg = Release|Any CPU
		{3CCA84C0-821B-4EE9-A78D-596494698CEC}.Release|Any CPU.Build.0 = Release|Any CPU
	EndGlobalSection
	GlobalSection(SolutionProperties) = preSolution
		HideSolutionNode = FALSE
	EndGlobalSection
	GlobalSection(ExtensibilityGlobals) = postSolution
		SolutionGuid = {F6CBC423-2530-4D57-AE1C-45869E677EE3}
	EndGlobalSection
EndGlobal
